
Microsoft Visual Studio Solution File, Format Version 12.00
# Visual Studio Version 16
VisualStudioVersion = 16.0.30225.117
MinimumVisualStudioVersion = 10.0.40219.1
Project("{FAE04EC0-301F-11D3-BF4B-00C04F79EFBC}") = "HolidaySyncMaster", "HolidaySyncMaster\HolidaySyncMaster.csproj", "{433B65BC-A6DE-452E-B469-E6DA9046280B}"
EndProject
Global
	GlobalSection(SolutionConfigurationPlatforms) = preSolution
		Debug|Any CPU = Debug|Any CPU
		Release|Any CPU = Release|Any CPU
	EndGlobalSection
	GlobalSection(ProjectConfigurationPlatforms) = postSolution
		{433B65BC-A6DE-452E-B469-E6DA9046280B}.Debug|Any CPU.ActiveCfg = Debug|Any CPU
		{433B65BC-A6DE-452E-B469-E6DA9046280B}.Debug|Any CPU.Build.0 = Debug|Any CPU
		{433B65BC-A6DE-452E-B469-E6DA9046280B}.Release|Any CPU.ActiveCfg = Release|Any CPU
		{433B65BC-A6DE-452E-B469-E6DA9046280B}.Release|Any CPU.Build.0 = Release|Any CPU
	EndGlobalSection
	GlobalSection(SolutionProperties) = preSolution
		HideSolutionNode = FALSE
	EndGlobalSection
	GlobalSection(ExtensibilityGlobals) = postSolution
		SolutionGuid = {BF20B344-6B69-4CA7-AD9B-0311C4BDBB4B}
	EndGlobalSection
EndGlobal
